<?xml version="1.0" encoding="UTF-8"?>
<Scheme
   LastUpgradeVersion = "1010"
   version = "1.3">
   <BuildAction
      parallelizeBuildables = "YES"
      buildImplicitDependencies = "YES">
      <BuildActionEntries>
         <BuildActionEntry
            buildForTesting = "YES"
            buildForRunning = "YES"
            buildForProfiling = "YES"
            buildForArchiving = "YES"
            buildForAnalyzing = "YES">
            <BuildableReference
               BuildableIdentifier = "primary"
               BlueprintIdentifier = "E36286D747166DCAB33F7D59"
               BuildableName = "Atomics.framework"
               BlueprintName = "Atomics_macos"
               ReferencedContainer = "container:Tuist/Dependencies/SwiftPackageManager/.build/checkouts/swift-atomics/swift-atomics.xcodeproj">
            </BuildableReference>
         </BuildActionEntry>
         <BuildActionEntry
            buildForTesting = "YES"
            buildForRunning = "YES"
            buildForProfiling = "YES"
            buildForArchiving = "YES"
            buildForAnalyzing = "YES">
            <BuildableReference
               BuildableIdentifier = "primary"
               BlueprintIdentifier = "F35B855AB26D3DE86D1B0670"
               BuildableName = "Backtrace.framework"
               BlueprintName = "Backtrace_macos"
               ReferencedContainer = "container:Tuist/Dependencies/SwiftPackageManager/.build/checkouts/swift-backtrace/swift-backtrace.xcodeproj">
            </BuildableReference>
         </BuildActionEntry>
         <BuildActionEntry
            buildForTesting = "YES"
            buildForRunning = "YES"
            buildForProfiling = "YES"
            buildForArchiving = "YES"
            buildForAnalyzing = "YES">
            <BuildableReference
               BuildableIdentifier = "primary"
               BlueprintIdentifier = "602B9D866E13C804C911248B"
               BuildableName = "CBacktrace.framework"
               BlueprintName = "CBacktrace_macos"
               ReferencedContainer = "container:Tuist/Dependencies/SwiftPackageManager/.build/checkouts/swift-backtrace/swift-backtrace.xcodeproj">
            </BuildableReference>
         </BuildActionEntry>
         <BuildActionEntry
            buildForTesting = "YES"
            buildForRunning = "YES"
            buildForProfiling = "YES"
            buildForArchiving = "YES"
            buildForAnalyzing = "YES">
            <BuildableReference
               BuildableIdentifier = "primary"
               BlueprintIdentifier = "895DE6DC504E0A381717221C"
               BuildableName = "CoreMetrics.framework"
               BlueprintName = "CoreMetrics_macos"
               ReferencedContainer = "container:Tuist/Dependencies/SwiftPackageManager/.build/checkouts/swift-metrics/swift-metrics.xcodeproj">
            </BuildableReference>
         </BuildActionEntry>
         <BuildActionEntry
            buildForTesting = "YES"
            buildForRunning = "YES"
            buildForProfiling = "YES"
            buildForArchiving = "YES"
            buildForAnalyzing = "YES">
            <BuildableReference
               BuildableIdentifier = "primary"
               BlueprintIdentifier = "EAD83A5734E8A9E947A7FF13"
               BuildableName = "Lifecycle.framework"
               BlueprintName = "Lifecycle_macos"
               ReferencedContainer = "container:Tuist/Dependencies/SwiftPackageManager/.build/checkouts/swift-service-lifecycle/swift-service-lifecycle.xcodeproj">
            </BuildableReference>
         </BuildActionEntry>
         <BuildActionEntry
            buildForTesting = "YES"
            buildForRunning = "YES"
            buildForProfiling = "YES"
            buildForArchiving = "YES"
            buildForAnalyzing = "YES">
            <BuildableReference
               BuildableIdentifier = "primary"
               BlueprintIdentifier = "9B57782C72067D0D0B600CE6"
               BuildableName = "Logging.framework"
               BlueprintName = "Logging_macos"
               ReferencedContainer = "container:Tuist/Dependencies/SwiftPackageManager/.build/checkouts/swift-log/swift-log.xcodeproj">
            </BuildableReference>
         </BuildActionEntry>
         <BuildActionEntry
            buildForTesting = "YES"
            buildForRunning = "YES"
            buildForProfiling = "YES"
            buildForArchiving = "YES"
            buildForAnalyzing = "YES">
            <BuildableReference
               BuildableIdentifier = "primary"
               BlueprintIdentifier = "2CF8A4552678A909D47CE758"
               BuildableName = "Metrics.framework"
               BlueprintName = "Metrics_macos"
               ReferencedContainer = "container:Tuist/Dependencies/SwiftPackageManager/.build/checkouts/swift-metrics/swift-metrics.xcodeproj">
            </BuildableReference>
         </BuildActionEntry>
         <BuildActionEntry
            buildForTesting = "YES"
            buildForRunning = "YES"
            buildForProfiling = "YES"
            buildForArchiving = "YES"
            buildForAnalyzing = "YES">
            <BuildableReference
               BuildableIdentifier = "primary"
               BlueprintIdentifier = "6917A1D8CCA8EF5D791DA16E"
               BuildableName = "_AtomicsShims.framework"
               BlueprintName = "_AtomicsShims_macos"
               ReferencedContainer = "container:Tuist/Dependencies/SwiftPackageManager/.build/checkouts/swift-atomics/swift-atomics.xcodeproj">
            </BuildableReference>
         </BuildActionEntry>
         <BuildActionEntry
            buildForTesting = "YES"
            buildForRunning = "YES"
            buildForProfiling = "YES"
            buildForArchiving = "YES"
            buildForAnalyzing = "YES">
            <BuildableReference
               BuildableIdentifier = "primary"
               BlueprintIdentifier = "4EEB11079442458F154BE67B"
               BuildableName = "executable"
               BlueprintName = "executable"
               ReferencedContainer = "container:BadExcError.xcodeproj">
            </BuildableReference>
         </BuildActionEntry>
      </BuildActionEntries>
   </BuildAction>
   <TestAction
      buildConfiguration = "Debug"
      selectedDebuggerIdentifier = "Xcode.DebuggerFoundation.Debugger.LLDB"
      selectedLauncherIdentifier = "Xcode.DebuggerFoundation.Launcher.LLDB"
      shouldUseLaunchSchemeArgsEnv = "YES">
      <Testables>
      </Testables>
   </TestAction>
   <LaunchAction
      buildConfiguration = "Debug"
      selectedDebuggerIdentifier = "Xcode.DebuggerFoundation.Debugger.LLDB"
      selectedLauncherIdentifier = "Xcode.DebuggerFoundation.Launcher.LLDB"
      launchStyle = "0"
      useCustomWorkingDirectory = "NO"
      ignoresPersistentStateOnLaunch = "NO"
      debugDocumentVersioning = "YES"
      debugServiceExtension = "internal"
      allowLocationSimulation = "YES">
      <MacroExpansion>
         <BuildableReference
            BuildableIdentifier = "primary"
            BlueprintIdentifier = "E36286D747166DCAB33F7D59"
            BuildableName = "Atomics.framework"
            BlueprintName = "Atomics_macos"
            ReferencedContainer = "container:Tuist/Dependencies/SwiftPackageManager/.build/checkouts/swift-atomics/swift-atomics.xcodeproj">
         </BuildableReference>
      </MacroExpansion>
   </LaunchAction>
   <ProfileAction
      buildConfiguration = "Release"
      shouldUseLaunchSchemeArgsEnv = "YES"
      savedToolIdentifier = ""
      useCustomWorkingDirectory = "NO"
      debugDocumentVersioning = "YES">
      <MacroExpansion>
         <BuildableReference
            BuildableIdentifier = "primary"
            BlueprintIdentifier = "E36286D747166DCAB33F7D59"
            BuildableName = "Atomics.framework"
            BlueprintName = "Atomics_macos"
            ReferencedContainer = "container:Tuist/Dependencies/SwiftPackageManager/.build/checkouts/swift-atomics/swift-atomics.xcodeproj">
         </BuildableReference>
      </MacroExpansion>
   </ProfileAction>
   <AnalyzeAction
      buildConfiguration = "Debug">
   </AnalyzeAction>
   <ArchiveAction
      buildConfiguration = "Release"
      revealArchiveInOrganizer = "YES">
   </ArchiveAction>
</Scheme>
